
Microsoft Visual Studio Solution File, Format Version 12.00
# Visual Studio Version 17
VisualStudioVersion = 17.7.34221.43
MinimumVisualStudioVersion = 10.0.40219.1
Project("{FAE04EC0-301F-11D3-BF4B-00C04F79EFBC}") = "ConsoleApp1", "ConsoleApp1.csproj", "{13A3133A-F500-48E1-97DF-04A15E5075DA}"
EndProject
Global
	GlobalSection(SolutionConfigurationPlatforms) = preSolution
		Debug|Any CPU = Debug|Any CPU
		Release|Any CPU = Release|Any CPU
	EndGlobalSection
	GlobalSection(ProjectConfigurationPlatforms) = postSolution
		{13A3133A-F500-48E1-97DF-04A15E5075DA}.Debug|Any CPU.ActiveCfg = Debug|Any CPU
		{13A3133A-F500-48E1-97DF-04A15E5075DA}.Debug|Any CPU.Build.0 = Debug|Any CPU
		{13A3133A-F500-48E1-97DF-04A15E5075DA}.Release|Any CPU.ActiveCfg = Release|Any CPU
		{13A3133A-F500-48E1-97DF-04A15E5075DA}.Release|Any CPU.Build.0 = Release|Any CPU
	EndGlobalSection
	GlobalSection(SolutionProperties) = preSolution
		HideSolutionNode = FALSE
	EndGlobalSection
	GlobalSection(ExtensibilityGlobals) = postSolution
		SolutionGuid = {31CA16A8-68A6-4BD7-B56C-125DB0F904C1}
	EndGlobalSection
EndGlobal
