
Microsoft Visual Studio Solution File, Format Version 12.00
# Visual Studio Version 17
VisualStudioVersion = 17.7.34221.43
MinimumVisualStudioVersion = 10.0.40219.1
Project("{FAE04EC0-301F-11D3-BF4B-00C04F79EFBC}") = "ConsoleApp1", "ConsoleApp1.csproj", "{A8BFBD24-11B9-4438-87FA-25118914773F}"
EndProject
Global
	GlobalSection(SolutionConfigurationPlatforms) = preSolution
		Debug|Any CPU = Debug|Any CPU
		Release|Any CPU = Release|Any CPU
	EndGlobalSection
	GlobalSection(ProjectConfigurationPlatforms) = postSolution
		{A8BFBD24-11B9-4438-87FA-25118914773F}.Debug|Any CPU.ActiveCfg = Debug|Any CPU
		{A8BFBD24-11B9-4438-87FA-25118914773F}.Debug|Any CPU.Build.0 = Debug|Any CPU
		{A8BFBD24-11B9-4438-87FA-25118914773F}.Release|Any CPU.ActiveCfg = Release|Any CPU
		{A8BFBD24-11B9-4438-87FA-25118914773F}.Release|Any CPU.Build.0 = Release|Any CPU
	EndGlobalSection
	GlobalSection(SolutionProperties) = preSolution
		HideSolutionNode = FALSE
	EndGlobalSection
	GlobalSection(ExtensibilityGlobals) = postSolution
		SolutionGuid = {CB4549CE-7228-4E03-A347-25B9024782E7}
	EndGlobalSection
EndGlobal
