
Microsoft Visual Studio Solution File, Format Version 12.00
# Visual Studio Version 17
VisualStudioVersion = 17.7.34221.43
MinimumVisualStudioVersion = 10.0.40219.1
Project("{FAE04EC0-301F-11D3-BF4B-00C04F79EFBC}") = "ConsoleApp1", "ConsoleApp1.csproj", "{BD480A4B-2DFD-4CDF-8F83-D63A373E2FF0}"
EndProject
Global
	GlobalSection(SolutionConfigurationPlatforms) = preSolution
		Debug|Any CPU = Debug|Any CPU
		Release|Any CPU = Release|Any CPU
	EndGlobalSection
	GlobalSection(ProjectConfigurationPlatforms) = postSolution
		{BD480A4B-2DFD-4CDF-8F83-D63A373E2FF0}.Debug|Any CPU.ActiveCfg = Debug|Any CPU
		{BD480A4B-2DFD-4CDF-8F83-D63A373E2FF0}.Debug|Any CPU.Build.0 = Debug|Any CPU
		{BD480A4B-2DFD-4CDF-8F83-D63A373E2FF0}.Release|Any CPU.ActiveCfg = Release|Any CPU
		{BD480A4B-2DFD-4CDF-8F83-D63A373E2FF0}.Release|Any CPU.Build.0 = Release|Any CPU
	EndGlobalSection
	GlobalSection(SolutionProperties) = preSolution
		HideSolutionNode = FALSE
	EndGlobalSection
	GlobalSection(ExtensibilityGlobals) = postSolution
		SolutionGuid = {6210294E-011A-49F1-BB29-8C1F4963270B}
	EndGlobalSection
EndGlobal
