
Microsoft Visual Studio Solution File, Format Version 12.00
# Visual Studio Version 17
VisualStudioVersion = 17.8.34330.188
MinimumVisualStudioVersion = 10.0.40219.1
Project("{FAE04EC0-301F-11D3-BF4B-00C04F79EFBC}") = "ConsoleApp1", "ConsoleApp1.csproj", "{C921B377-11FD-42A7-BA65-400AA6F8F52E}"
EndProject
Global
	GlobalSection(SolutionConfigurationPlatforms) = preSolution
		Debug|Any CPU = Debug|Any CPU
		Release|Any CPU = Release|Any CPU
	EndGlobalSection
	GlobalSection(ProjectConfigurationPlatforms) = postSolution
		{C921B377-11FD-42A7-BA65-400AA6F8F52E}.Debug|Any CPU.ActiveCfg = Debug|Any CPU
		{C921B377-11FD-42A7-BA65-400AA6F8F52E}.Debug|Any CPU.Build.0 = Debug|Any CPU
		{C921B377-11FD-42A7-BA65-400AA6F8F52E}.Release|Any CPU.ActiveCfg = Release|Any CPU
		{C921B377-11FD-42A7-BA65-400AA6F8F52E}.Release|Any CPU.Build.0 = Release|Any CPU
	EndGlobalSection
	GlobalSection(SolutionProperties) = preSolution
		HideSolutionNode = FALSE
	EndGlobalSection
	GlobalSection(ExtensibilityGlobals) = postSolution
		SolutionGuid = {828C40F2-748B-4384-87EE-C7B371B948E6}
	EndGlobalSection
EndGlobal
